
Microsoft Visual Studio Solution File, Format Version 12.00
# Visual Studio Version 17
VisualStudioVersion = 17.5.33516.290
MinimumVisualStudioVersion = 10.0.40219.1
Project("{F184B08F-C81C-45F6-A57F-5ABD9991F28F}") = "Lab Task 4", "Lab Task 4\Lab Task 4.vbproj", "{AF5F22BF-9B71-43B8-BC67-A657776C664B}"
EndProject
Global
	GlobalSection(SolutionConfigurationPlatforms) = preSolution
		Debug|Any CPU = Debug|Any CPU
		Release|Any CPU = Release|Any CPU
	EndGlobalSection
	GlobalSection(ProjectConfigurationPlatforms) = postSolution
		{AF5F22BF-9B71-43B8-BC67-A657776C664B}.Debug|Any CPU.ActiveCfg = Debug|Any CPU
		{AF5F22BF-9B71-43B8-BC67-A657776C664B}.Debug|Any CPU.Build.0 = Debug|Any CPU
		{AF5F22BF-9B71-43B8-BC67-A657776C664B}.Release|Any CPU.ActiveCfg = Release|Any CPU
		{AF5F22BF-9B71-43B8-BC67-A657776C664B}.Release|Any CPU.Build.0 = Release|Any CPU
	EndGlobalSection
	GlobalSection(SolutionProperties) = preSolution
		HideSolutionNode = FALSE
	EndGlobalSection
	GlobalSection(ExtensibilityGlobals) = postSolution
		SolutionGuid = {89D9AA90-CF15-4C5F-8CEC-42E11A4B3BFD}
	EndGlobalSection
EndGlobal
